// !$*UTF8*$!
{
	archiveVersion = 1;
	classes = {
	};
	objectVersion = 55;
	objects = {

/* Begin PBXBuildFile section */
		BD6FF8232CC079A5009EDA54 /* AppDelegate.swift in Sources */ = {isa = PBXBuildFile; fileRef = BD6FF8222CC079A5009EDA54 /* AppDelegate.swift */; };
		BD6FF8252CC079A5009EDA54 /* SceneDelegate.swift in Sources */ = {isa = PBXBuildFile; fileRef = BD6FF8242CC079A5009EDA54 /* SceneDelegate.swift */; };
		BD6FF8272CC079A5009EDA54 /* IniciarSesionViewController.swift in Sources */ = {isa = PBXBuildFile; fileRef = BD6FF8262CC079A5009EDA54 /* IniciarSesionViewController.swift */; };
		BD6FF82A2CC079A5009EDA54 /* Main.storyboard in Resources */ = {isa = PBXBuildFile; fileRef = BD6FF8282CC079A5009EDA54 /* Main.storyboard */; };
		BD6FF82C2CC079A7009EDA54 /* Assets.xcassets in Resources */ = {isa = PBXBuildFile; fileRef = BD6FF82B2CC079A7009EDA54 /* Assets.xcassets */; };
		BD6FF82F2CC079A7009EDA54 /* LaunchScreen.storyboard in Resources */ = {isa = PBXBuildFile; fileRef = BD6FF82D2CC079A7009EDA54 /* LaunchScreen.storyboard */; };
		BD6FF8372CC07E05009EDA54 /* GoogleService-Info.plist in Resources */ = {isa = PBXBuildFile; fileRef = BD6FF8362CC07E05009EDA54 /* GoogleService-Info.plist */; };
		BD6FF83B2CC08578009EDA54 /* FirebaseAnalytics in Frameworks */ = {isa = PBXBuildFile; productRef = BD6FF83A2CC08578009EDA54 /* FirebaseAnalytics */; };
		BD6FF83D2CC08578009EDA54 /* FirebaseAnalyticsOnDeviceConversion in Frameworks */ = {isa = PBXBuildFile; productRef = BD6FF83C2CC08578009EDA54 /* FirebaseAnalyticsOnDeviceConversion */; };
		BD6FF83F2CC08578009EDA54 /* FirebaseAnalyticsWithoutAdIdSupport in Frameworks */ = {isa = PBXBuildFile; productRef = BD6FF83E2CC08578009EDA54 /* FirebaseAnalyticsWithoutAdIdSupport */; };
		BD6FF8412CC08578009EDA54 /* FirebaseAppCheck in Frameworks */ = {isa = PBXBuildFile; productRef = BD6FF8402CC08578009EDA54 /* FirebaseAppCheck */; };
		BD6FF8432CC08578009EDA54 /* FirebaseAppDistribution-Beta in Frameworks */ = {isa = PBXBuildFile; productRef = BD6FF8422CC08578009EDA54 /* FirebaseAppDistribution-Beta */; };
		BD6FF8452CC08578009EDA54 /* FirebaseAuth in Frameworks */ = {isa = PBXBuildFile; productRef = BD6FF8442CC08578009EDA54 /* FirebaseAuth */; };
		BD6FF8472CC08578009EDA54 /* FirebaseDatabase in Frameworks */ = {isa = PBXBuildFile; productRef = BD6FF8462CC08578009EDA54 /* FirebaseDatabase */; };
		BD6FF8492CC08578009EDA54 /* FirebaseStorage in Frameworks */ = {isa = PBXBuildFile; productRef = BD6FF8482CC08578009EDA54 /* FirebaseStorage */; };
/* End PBXBuildFile section */

/* Begin PBXFileReference section */
		BD6FF81F2CC079A5009EDA54 /* HanccoSnapchat.app */ = {isa = PBXFileReference; explicitFileType = wrapper.application; includeInIndex = 0; path = HanccoSnapchat.app; sourceTree = BUILT_PRODUCTS_DIR; };
		BD6FF8222CC079A5009EDA54 /* AppDelegate.swift */ = {isa = PBXFileReference; lastKnownFileType = sourcecode.swift; path = AppDelegate.swift; sourceTree = "<group>"; };
		BD6FF8242CC079A5009EDA54 /* SceneDelegate.swift */ = {isa = PBXFileReference; lastKnownFileType = sourcecode.swift; path = SceneDelegate.swift; sourceTree = "<group>"; };
		BD6FF8262CC079A5009EDA54 /* IniciarSesionViewController.swift */ = {isa = PBXFileReference; lastKnownFileType = sourcecode.swift; path = IniciarSesionViewController.swift; sourceTree = "<group>"; };
		BD6FF8292CC079A5009EDA54 /* Base */ = {isa = PBXFileReference; lastKnownFileType = file.storyboard; name = Base; path = Base.lproj/Main.storyboard; sourceTree = "<group>"; };
		BD6FF82B2CC079A7009EDA54 /* Assets.xcassets */ = {isa = PBXFileReference; lastKnownFileType = folder.assetcatalog; path = Assets.xcassets; sourceTree = "<group>"; };
		BD6FF82E2CC079A7009EDA54 /* Base */ = {isa = PBXFileReference; lastKnownFileType = file.storyboard; name = Base; path = Base.lproj/LaunchScreen.storyboard; sourceTree = "<group>"; };
		BD6FF8302CC079A7009EDA54 /* Info.plist */ = {isa = PBXFileReference; lastKnownFileType = text.plist.xml; path = Info.plist; sourceTree = "<group>"; };
		BD6FF8362CC07E05009EDA54 /* GoogleService-Info.plist */ = {isa = PBXFileReference; fileEncoding = 4; lastKnownFileType = text.plist.xml; path = "GoogleService-Info.plist"; sourceTree = "<group>"; };
/* End PBXFileReference section */

/* Begin PBXFrameworksBuildPhase section */
		BD6FF81C2CC079A5009EDA54 /* Frameworks */ = {
			isa = PBXFrameworksBuildPhase;
			buildActionMask = 2147483647;
			files = (
				BD6FF8412CC08578009EDA54 /* FirebaseAppCheck in Frameworks */,
				BD6FF8452CC08578009EDA54 /* FirebaseAuth in Frameworks */,
				BD6FF83B2CC08578009EDA54 /* FirebaseAnalytics in Frameworks */,
				BD6FF8432CC08578009EDA54 /* FirebaseAppDistribution-Beta in Frameworks */,
				BD6FF83F2CC08578009EDA54 /* FirebaseAnalyticsWithoutAdIdSupport in Frameworks */,
				BD6FF8492CC08578009EDA54 /* FirebaseStorage in Frameworks */,
				BD6FF8472CC08578009EDA54 /* FirebaseDatabase in Frameworks */,
				BD6FF83D2CC08578009EDA54 /* FirebaseAnalyticsOnDeviceConversion in Frameworks */,
			);
			runOnlyForDeploymentPostprocessing = 0;
		};
/* End PBXFrameworksBuildPhase section */

/* Begin PBXGroup section */
		BD6FF8162CC079A5009EDA54 = {
			isa = PBXGroup;
			children = (
				BD6FF8212CC079A5009EDA54 /* HanccoSnapchat */,
				BD6FF8202CC079A5009EDA54 /* Products */,
			);
			sourceTree = "<group>";
		};
		BD6FF8202CC079A5009EDA54 /* Products */ = {
			isa = PBXGroup;
			children = (
				BD6FF81F2CC079A5009EDA54 /* HanccoSnapchat.app */,
			);
			name = Products;
			sourceTree = "<group>";
		};
		BD6FF8212CC079A5009EDA54 /* HanccoSnapchat */ = {
			isa = PBXGroup;
			children = (
				BD6FF8222CC079A5009EDA54 /* AppDelegate.swift */,
				BD6FF8242CC079A5009EDA54 /* SceneDelegate.swift */,
				BD6FF8262CC079A5009EDA54 /* IniciarSesionViewController.swift */,
				BD6FF8282CC079A5009EDA54 /* Main.storyboard */,
				BD6FF82B2CC079A7009EDA54 /* Assets.xcassets */,
				BD6FF82D2CC079A7009EDA54 /* LaunchScreen.storyboard */,
				BD6FF8302CC079A7009EDA54 /* Info.plist */,
				BD6FF8362CC07E05009EDA54 /* GoogleService-Info.plist */,
			);
			path = HanccoSnapchat;
			sourceTree = "<group>";
		};
/* End PBXGroup section */

/* Begin PBXNativeTarget section */
		BD6FF81E2CC079A5009EDA54 /* HanccoSnapchat */ = {
			isa = PBXNativeTarget;
			buildConfigurationList = BD6FF8332CC079A7009EDA54 /* Build configuration list for PBXNativeTarget "HanccoSnapchat" */;
			buildPhases = (
				BD6FF81B2CC079A5009EDA54 /* Sources */,
				BD6FF81C2CC079A5009EDA54 /* Frameworks */,
				BD6FF81D2CC079A5009EDA54 /* Resources */,
			);
			buildRules = (
			);
			dependencies = (
			);
			name = HanccoSnapchat;
			packageProductDependencies = (
				BD6FF83A2CC08578009EDA54 /* FirebaseAnalytics */,
				BD6FF83C2CC08578009EDA54 /* FirebaseAnalyticsOnDeviceConversion */,
				BD6FF83E2CC08578009EDA54 /* FirebaseAnalyticsWithoutAdIdSupport */,
				BD6FF8402CC08578009EDA54 /* FirebaseAppCheck */,
				BD6FF8422CC08578009EDA54 /* FirebaseAppDistribution-Beta */,
				BD6FF8442CC08578009EDA54 /* FirebaseAuth */,
				BD6FF8462CC08578009EDA54 /* FirebaseDatabase */,
				BD6FF8482CC08578009EDA54 /* FirebaseStorage */,
			);
			productName = HanccoSnapchat;
			productReference = BD6FF81F2CC079A5009EDA54 /* HanccoSnapchat.app */;
			productType = "com.apple.product-type.application";
		};
/* End PBXNativeTarget section */

/* Begin PBXProject section */
		BD6FF8172CC079A5009EDA54 /* Project object */ = {
			isa = PBXProject;
			attributes = {
				BuildIndependentTargetsInParallel = 1;
				LastSwiftUpdateCheck = 1330;
				LastUpgradeCheck = 1330;
				TargetAttributes = {
					BD6FF81E2CC079A5009EDA54 = {
						CreatedOnToolsVersion = 13.3;
					};
				};
			};
			buildConfigurationList = BD6FF81A2CC079A5009EDA54 /* Build configuration list for PBXProject "HanccoSnapchat" */;
			compatibilityVersion = "Xcode 13.0";
			developmentRegion = en;
			hasScannedForEncodings = 0;
			knownRegions = (
				en,
				Base,
			);
			mainGroup = BD6FF8162CC079A5009EDA54;
			packageReferences = (
				BD6FF8382CC08359009EDA54 /* XCRemoteSwiftPackageReference "firebase-ios-sdk" */,
				BD6FF8392CC08578009EDA54 /* XCRemoteSwiftPackageReference "firebase-ios-sdk" */,
			);
			productRefGroup = BD6FF8202CC079A5009EDA54 /* Products */;
			projectDirPath = "";
			projectRoot = "";
			targets = (
				BD6FF81E2CC079A5009EDA54 /* HanccoSnapchat */,
			);
		};
/* End PBXProject section */

/* Begin PBXResourcesBuildPhase section */
		BD6FF81D2CC079A5009EDA54 /* Resources */ = {
			isa = PBXResourcesBuildPhase;
			buildActionMask = 2147483647;
			files = (
				BD6FF82F2CC079A7009EDA54 /* LaunchScreen.storyboard in Resources */,
				BD6FF8372CC07E05009EDA54 /* GoogleService-Info.plist in Resources */,
				BD6FF82C2CC079A7009EDA54 /* Assets.xcassets in Resources */,
				BD6FF82A2CC079A5009EDA54 /* Main.storyboard in Resources */,
			);
			runOnlyForDeploymentPostprocessing = 0;
		};
/* End PBXResourcesBuildPhase section */

/* Begin PBXSourcesBuildPhase section */
		BD6FF81B2CC079A5009EDA54 /* Sources */ = {
			isa = PBXSourcesBuildPhase;
			buildActionMask = 2147483647;
			files = (
				BD6FF8272CC079A5009EDA54 /* IniciarSesionViewController.swift in Sources */,
				BD6FF8232CC079A5009EDA54 /* AppDelegate.swift in Sources */,
				BD6FF8252CC079A5009EDA54 /* SceneDelegate.swift in Sources */,
			);
			runOnlyForDeploymentPostprocessing = 0;
		};
/* End PBXSourcesBuildPhase section */

/* Begin PBXVariantGroup section */
		BD6FF8282CC079A5009EDA54 /* Main.storyboard */ = {
			isa = PBXVariantGroup;
			children = (
				BD6FF8292CC079A5009EDA54 /* Base */,
			);
			name = Main.storyboard;
			sourceTree = "<group>";
		};
		BD6FF82D2CC079A7009EDA54 /* LaunchScreen.storyboard */ = {
			isa = PBXVariantGroup;
			children = (
				BD6FF82E2CC079A7009EDA54 /* Base */,
			);
			name = LaunchScreen.storyboard;
			sourceTree = "<group>";
		};
/* End PBXVariantGroup section */

/* Begin XCBuildConfiguration section */
		BD6FF8312CC079A7009EDA54 /* Debug */ = {
			isa = XCBuildConfiguration;
			buildSettings = {
				ALWAYS_SEARCH_USER_PATHS = NO;
				CLANG_ANALYZER_NONNULL = YES;
				CLANG_ANALYZER_NUMBER_OBJECT_CONVERSION = YES_AGGRESSIVE;
				CLANG_CXX_LANGUAGE_STANDARD = "gnu++17";
				CLANG_ENABLE_MODULES = YES;
				CLANG_ENABLE_OBJC_ARC = YES;
				CLANG_ENABLE_OBJC_WEAK = YES;
				CLANG_WARN_BLOCK_CAPTURE_AUTORELEASING = YES;
				CLANG_WARN_BOOL_CONVERSION = YES;
				CLANG_WARN_COMMA = YES;
				CLANG_WARN_CONSTANT_CONVERSION = YES;
				CLANG_WARN_DEPRECATED_OBJC_IMPLEMENTATIONS = YES;
				CLANG_WARN_DIRECT_OBJC_ISA_USAGE = YES_ERROR;
				CLANG_WARN_DOCUMENTATION_COMMENTS = YES;
				CLANG_WARN_EMPTY_BODY = YES;
				CLANG_WARN_ENUM_CONVERSION = YES;
				CLANG_WARN_INFINITE_RECURSION = YES;
				CLANG_WARN_INT_CONVERSION = YES;
				CLANG_WARN_NON_LITERAL_NULL_CONVERSION = YES;
				CLANG_WARN_OBJC_IMPLICIT_RETAIN_SELF = YES;
				CLANG_WARN_OBJC_LITERAL_CONVERSION = YES;
				CLANG_WARN_OBJC_ROOT_CLASS = YES_ERROR;
				CLANG_WARN_QUOTED_INCLUDE_IN_FRAMEWORK_HEADER = YES;
				CLANG_WARN_RANGE_LOOP_ANALYSIS = YES;
				CLANG_WARN_STRICT_PROTOTYPES = YES;
				CLANG_WARN_SUSPICIOUS_MOVE = YES;
				CLANG_WARN_UNGUARDED_AVAILABILITY = YES_AGGRESSIVE;
				CLANG_WARN_UNREACHABLE_CODE = YES;
				CLANG_WARN__DUPLICATE_METHOD_MATCH = YES;
				COPY_PHASE_STRIP = NO;
				DEBUG_INFORMATION_FORMAT = dwarf;
				ENABLE_STRICT_OBJC_MSGSEND = YES;
				ENABLE_TESTABILITY = YES;
				GCC_C_LANGUAGE_STANDARD = gnu11;
				GCC_DYNAMIC_NO_PIC = NO;
				GCC_NO_COMMON_BLOCKS = YES;
				GCC_OPTIMIZATION_LEVEL = 0;
				GCC_PREPROCESSOR_DEFINITIONS = (
					"DEBUG=1",
					"$(inherited)",
				);
				GCC_WARN_64_TO_32_BIT_CONVERSION = YES;
				GCC_WARN_ABOUT_RETURN_TYPE = YES_ERROR;
				GCC_WARN_UNDECLARED_SELECTOR = YES;
				GCC_WARN_UNINITIALIZED_AUTOS = YES_AGGRESSIVE;
				GCC_WARN_UNUSED_FUNCTION = YES;
				GCC_WARN_UNUSED_VARIABLE = YES;
				IPHONEOS_DEPLOYMENT_TARGET = 15.4;
				MTL_ENABLE_DEBUG_INFO = INCLUDE_SOURCE;
				MTL_FAST_MATH = YES;
				ONLY_ACTIVE_ARCH = YES;
				SDKROOT = iphoneos;
				SWIFT_ACTIVE_COMPILATION_CONDITIONS = DEBUG;
				SWIFT_OPTIMIZATION_LEVEL = "-Onone";
			};
			name = Debug;
		};
		BD6FF8322CC079A7009EDA54 /* Release */ = {
			isa = XCBuildConfiguration;
			buildSettings = {
				ALWAYS_SEARCH_USER_PATHS = NO;
				CLANG_ANALYZER_NONNULL = YES;
				CLANG_ANALYZER_NUMBER_OBJECT_CONVERSION = YES_AGGRESSIVE;
				CLANG_CXX_LANGUAGE_STANDARD = "gnu++17";
				CLANG_ENABLE_MODULES = YES;
				CLANG_ENABLE_OBJC_ARC = YES;
				CLANG_ENABLE_OBJC_WEAK = YES;
				CLANG_WARN_BLOCK_CAPTURE_AUTORELEASING = YES;
				CLANG_WARN_BOOL_CONVERSION = YES;
				CLANG_WARN_COMMA = YES;
				CLANG_WARN_CONSTANT_CONVERSION = YES;
				CLANG_WARN_DEPRECATED_OBJC_IMPLEMENTATIONS = YES;
				CLANG_WARN_DIRECT_OBJC_ISA_USAGE = YES_ERROR;
				CLANG_WARN_DOCUMENTATION_COMMENTS = YES;
				CLANG_WARN_EMPTY_BODY = YES;
				CLANG_WARN_ENUM_CONVERSION = YES;
				CLANG_WARN_INFINITE_RECURSION = YES;
				CLANG_WARN_INT_CONVERSION = YES;
				CLANG_WARN_NON_LITERAL_NULL_CONVERSION = YES;
				CLANG_WARN_OBJC_IMPLICIT_RETAIN_SELF = YES;
				CLANG_WARN_OBJC_LITERAL_CONVERSION = YES;
				CLANG_WARN_OBJC_ROOT_CLASS = YES_ERROR;
				CLANG_WARN_QUOTED_INCLUDE_IN_FRAMEWORK_HEADER = YES;
				CLANG_WARN_RANGE_LOOP_ANALYSIS = YES;
				CLANG_WARN_STRICT_PROTOTYPES = YES;
				CLANG_WARN_SUSPICIOUS_MOVE = YES;
				CLANG_WARN_UNGUARDED_AVAILABILITY = YES_AGGRESSIVE;
				CLANG_WARN_UNREACHABLE_CODE = YES;
				CLANG_WARN__DUPLICATE_METHOD_MATCH = YES;
				COPY_PHASE_STRIP = NO;
				DEBUG_INFORMATION_FORMAT = "dwarf-with-dsym";
				ENABLE_NS_ASSERTIONS = NO;
				ENABLE_STRICT_OBJC_MSGSEND = YES;
				GCC_C_LANGUAGE_STANDARD = gnu11;
				GCC_NO_COMMON_BLOCKS = YES;
				GCC_WARN_64_TO_32_BIT_CONVERSION = YES;
				GCC_WARN_ABOUT_RETURN_TYPE = YES_ERROR;
				GCC_WARN_UNDECLARED_SELECTOR = YES;
				GCC_WARN_UNINITIALIZED_AUTOS = YES_AGGRESSIVE;
				GCC_WARN_UNUSED_FUNCTION = YES;
				GCC_WARN_UNUSED_VARIABLE = YES;
				IPHONEOS_DEPLOYMENT_TARGET = 15.4;
				MTL_ENABLE_DEBUG_INFO = NO;
				MTL_FAST_MATH = YES;
				SDKROOT = iphoneos;
				SWIFT_COMPILATION_MODE = wholemodule;
				SWIFT_OPTIMIZATION_LEVEL = "-O";
				VALIDATE_PRODUCT = YES;
			};
			name = Release;
		};
		BD6FF8342CC079A7009EDA54 /* Debug */ = {
			isa = XCBuildConfiguration;
			buildSettings = {
				ASSETCATALOG_COMPILER_APPICON_NAME = AppIcon;
				ASSETCATALOG_COMPILER_GLOBAL_ACCENT_COLOR_NAME = AccentColor;
				CODE_SIGN_STYLE = Automatic;
				CURRENT_PROJECT_VERSION = 1;
				GENERATE_INFOPLIST_FILE = YES;
				INFOPLIST_FILE = HanccoSnapchat/Info.plist;
				INFOPLIST_KEY_UIApplicationSupportsIndirectInputEvents = YES;
				INFOPLIST_KEY_UILaunchStoryboardName = LaunchScreen;
				INFOPLIST_KEY_UIMainStoryboardFile = Main;
				INFOPLIST_KEY_UISupportedInterfaceOrientations_iPad = "UIInterfaceOrientationPortrait UIInterfaceOrientationPortraitUpsideDown UIInterfaceOrientationLandscapeLeft UIInterfaceOrientationLandscapeRight";
				INFOPLIST_KEY_UISupportedInterfaceOrientations_iPhone = "UIInterfaceOrientationPortrait UIInterfaceOrientationLandscapeLeft UIInterfaceOrientationLandscapeRight";
				LD_RUNPATH_SEARCH_PATHS = (
					"$(inherited)",
					"@executable_path/Frameworks",
				);
				MARKETING_VERSION = 1.0;
				PRODUCT_BUNDLE_IDENTIFIER = com.HanccoSnapchat;
				PRODUCT_NAME = "$(TARGET_NAME)";
				SWIFT_EMIT_LOC_STRINGS = YES;
				SWIFT_VERSION = 5.0;
				TARGETED_DEVICE_FAMILY = "1,2";
			};
			name = Debug;
		};
		BD6FF8352CC079A7009EDA54 /* Release */ = {
			isa = XCBuildConfiguration;
			buildSettings = {
				ASSETCATALOG_COMPILER_APPICON_NAME = AppIcon;
				ASSETCATALOG_COMPILER_GLOBAL_ACCENT_COLOR_NAME = AccentColor;
				CODE_SIGN_STYLE = Automatic;
				CURRENT_PROJECT_VERSION = 1;
				GENERATE_INFOPLIST_FILE = YES;
				INFOPLIST_FILE = HanccoSnapchat/Info.plist;
				INFOPLIST_KEY_UIApplicationSupportsIndirectInputEvents = YES;
				INFOPLIST_KEY_UILaunchStoryboardName = LaunchScreen;
				INFOPLIST_KEY_UIMainStoryboardFile = Main;
				INFOPLIST_KEY_UISupportedInterfaceOrientations_iPad = "UIInterfaceOrientationPortrait UIInterfaceOrientationPortraitUpsideDown UIInterfaceOrientationLandscapeLeft UIInterfaceOrientationLandscapeRight";
				INFOPLIST_KEY_UISupportedInterfaceOrientations_iPhone = "UIInterfaceOrientationPortrait UIInterfaceOrientationLandscapeLeft UIInterfaceOrientationLandscapeRight";
				LD_RUNPATH_SEARCH_PATHS = (
					"$(inherited)",
					"@executable_path/Frameworks",
				);
				MARKETING_VERSION = 1.0;
				PRODUCT_BUNDLE_IDENTIFIER = com.HanccoSnapchat;
				PRODUCT_NAME = "$(TARGET_NAME)";
				SWIFT_EMIT_LOC_STRINGS = YES;
				SWIFT_VERSION = 5.0;
				TARGETED_DEVICE_FAMILY = "1,2";
			};
			name = Release;
		};
/* End XCBuildConfiguration section */

/* Begin XCConfigurationList section */
		BD6FF81A2CC079A5009EDA54 /* Build configuration list for PBXProject "HanccoSnapchat" */ = {
			isa = XCConfigurationList;
			buildConfigurations = (
				BD6FF8312CC079A7009EDA54 /* Debug */,
				BD6FF8322CC079A7009EDA54 /* Release */,
			);
			defaultConfigurationIsVisible = 0;
			defaultConfigurationName = Release;
		};
		BD6FF8332CC079A7009EDA54 /* Build configuration list for PBXNativeTarget "HanccoSnapchat" */ = {
			isa = XCConfigurationList;
			buildConfigurations = (
				BD6FF8342CC079A7009EDA54 /* Debug */,
				BD6FF8352CC079A7009EDA54 /* Release */,
			);
			defaultConfigurationIsVisible = 0;
			defaultConfigurationName = Release;
		};
/* End XCConfigurationList section */

/* Begin XCRemoteSwiftPackageReference section */
		BD6FF8382CC08359009EDA54 /* XCRemoteSwiftPackageReference "firebase-ios-sdk" */ = {
			isa = XCRemoteSwiftPackageReference;
			repositoryURL = "https://github.com/firebase/firebase-ios-sdk";
			requirement = {
				kind = versionRange;
				maximumVersion = 10.0.0;
				minimumVersion = 9.0.0;
			};
		};
		BD6FF8392CC08578009EDA54 /* XCRemoteSwiftPackageReference "firebase-ios-sdk" */ = {
			isa = XCRemoteSwiftPackageReference;
			repositoryURL = "https://github.com/firebase/firebase-ios-sdk";
			requirement = {
				kind = versionRange;
				maximumVersion = 10.0.0;
				minimumVersion = 9.0.0;
			};
		};
/* End XCRemoteSwiftPackageReference section */

/* Begin XCSwiftPackageProductDependency section */
		BD6FF83A2CC08578009EDA54 /* FirebaseAnalytics */ = {
			isa = XCSwiftPackageProductDependency;
			package = BD6FF8382CC08359009EDA54 /* XCRemoteSwiftPackageReference "firebase-ios-sdk" */;
			productName = FirebaseAnalytics;
		};
		BD6FF83C2CC08578009EDA54 /* FirebaseAnalyticsOnDeviceConversion */ = {
			isa = XCSwiftPackageProductDependency;
			package = BD6FF8382CC08359009EDA54 /* XCRemoteSwiftPackageReference "firebase-ios-sdk" */;
			productName = FirebaseAnalyticsOnDeviceConversion;
		};
		BD6FF83E2CC08578009EDA54 /* FirebaseAnalyticsWithoutAdIdSupport */ = {
			isa = XCSwiftPackageProductDependency;
			package = BD6FF8382CC08359009EDA54 /* XCRemoteSwiftPackageReference "firebase-ios-sdk" */;
			productName = FirebaseAnalyticsWithoutAdIdSupport;
		};
		BD6FF8402CC08578009EDA54 /* FirebaseAppCheck */ = {
			isa = XCSwiftPackageProductDependency;
			package = BD6FF8382CC08359009EDA54 /* XCRemoteSwiftPackageReference "firebase-ios-sdk" */;
			productName = FirebaseAppCheck;
		};
		BD6FF8422CC08578009EDA54 /* FirebaseAppDistribution-Beta */ = {
			isa = XCSwiftPackageProductDependency;
			package = BD6FF8382CC08359009EDA54 /* XCRemoteSwiftPackageReference "firebase-ios-sdk" */;
			productName = "FirebaseAppDistribution-Beta";
		};
		BD6FF8442CC08578009EDA54 /* FirebaseAuth */ = {
			isa = XCSwiftPackageProductDependency;
			package = BD6FF8382CC08359009EDA54 /* XCRemoteSwiftPackageReference "firebase-ios-sdk" */;
			productName = FirebaseAuth;
		};
		BD6FF8462CC08578009EDA54 /* FirebaseDatabase */ = {
			isa = XCSwiftPackageProductDependency;
			package = BD6FF8382CC08359009EDA54 /* XCRemoteSwiftPackageReference "firebase-ios-sdk" */;
			productName = FirebaseDatabase;
		};
		BD6FF8482CC08578009EDA54 /* FirebaseStorage */ = {
			isa = XCSwiftPackageProductDependency;
			package = BD6FF8382CC08359009EDA54 /* XCRemoteSwiftPackageReference "firebase-ios-sdk" */;
			productName = FirebaseStorage;
		};
/* End XCSwiftPackageProductDependency section */
	};
	rootObject = BD6FF8172CC079A5009EDA54 /* Project object */;
}
